
Microsoft Visual Studio Solution File, Format Version 12.00
# Visual Studio Version 16
VisualStudioVersion = 16.0.29926.136
MinimumVisualStudioVersion = 10.0.40219.1
Project("{FAE04EC0-301F-11D3-BF4B-00C04F79EFBC}") = "Project.Web", "PPKTechnology.Web\Project.Web.csproj", "{94DE8C68-52EB-4BD8-BD0E-AD51119D3FE9}"
EndProject
Project("{FAE04EC0-301F-11D3-BF4B-00C04F79EFBC}") = "Project.Data", "PPKTechnology.Data\Project.Data.csproj", "{FB9D18FE-9031-4CBE-93D0-7940023D197B}"
EndProject
Global
	GlobalSection(SolutionConfigurationPlatforms) = preSolution
		Debug|Any CPU = Debug|Any CPU
		Release|Any CPU = Release|Any CPU
	EndGlobalSection
	GlobalSection(ProjectConfigurationPlatforms) = postSolution
		{94DE8C68-52EB-4BD8-BD0E-AD51119D3FE9}.Debug|Any CPU.ActiveCfg = Debug|Any CPU
		{94DE8C68-52EB-4BD8-BD0E-AD51119D3FE9}.Debug|Any CPU.Build.0 = Debug|Any CPU
		{94DE8C68-52EB-4BD8-BD0E-AD51119D3FE9}.Release|Any CPU.ActiveCfg = Release|Any CPU
		{94DE8C68-52EB-4BD8-BD0E-AD51119D3FE9}.Release|Any CPU.Build.0 = Release|Any CPU
		{FB9D18FE-9031-4CBE-93D0-7940023D197B}.Debug|Any CPU.ActiveCfg = Debug|Any CPU
		{FB9D18FE-9031-4CBE-93D0-7940023D197B}.Debug|Any CPU.Build.0 = Debug|Any CPU
		{FB9D18FE-9031-4CBE-93D0-7940023D197B}.Release|Any CPU.ActiveCfg = Release|Any CPU
		{FB9D18FE-9031-4CBE-93D0-7940023D197B}.Release|Any CPU.Build.0 = Release|Any CPU
	EndGlobalSection
	GlobalSection(SolutionProperties) = preSolution
		HideSolutionNode = FALSE
	EndGlobalSection
	GlobalSection(ExtensibilityGlobals) = postSolution
		SolutionGuid = {4123612E-92CD-46F8-8A22-F64EAA39C864}
	EndGlobalSection
EndGlobal
